# This file is automatically @generated by Cargo.
# It is not intended for manual editing.
version = 4

[[package]]
name = "Halley"
version = "0.1.0"

[[package]]
name = "halley-lang"
version = "0.1.0"

[[package]]
name = "halley-lsp-client"
version = "0.1.0"

[[package]]
name = "halley-lsp-server"
version = "0.1.0"

[[package]]
name = "halley-parser"
version = "0.1.0"

[[package]]
name = "halley-pbt-generator"
version = "0.1.0"
